
Microsoft Visual Studio Solution File, Format Version 12.00
# Visual Studio 15
VisualStudioVersion = 15.0.26228.9
MinimumVisualStudioVersion = 10.0.40219.1
Project("{FAE04EC0-301F-11D3-BF4B-00C04F79EFBC}") = "Refactoring_Shportyuk", "Refactoring_Shportyuk\Refactoring_Shportyuk.csproj", "{498DCFF8-6FA5-47C0-B144-40F923A885A0}"
EndProject
Project("{FAE04EC0-301F-11D3-BF4B-00C04F79EFBC}") = "UnitTestProject", "UnitTestProject1\UnitTestProject.csproj", "{5F111DE7-9C7B-4F00-AAC2-D293EFCBD55D}"
EndProject
Global
	GlobalSection(SolutionConfigurationPlatforms) = preSolution
		Debug|Any CPU = Debug|Any CPU
		Release|Any CPU = Release|Any CPU
	EndGlobalSection
	GlobalSection(ProjectConfigurationPlatforms) = postSolution
		{498DCFF8-6FA5-47C0-B144-40F923A885A0}.Debug|Any CPU.ActiveCfg = Debug|Any CPU
		{498DCFF8-6FA5-47C0-B144-40F923A885A0}.Debug|Any CPU.Build.0 = Debug|Any CPU
		{498DCFF8-6FA5-47C0-B144-40F923A885A0}.Release|Any CPU.ActiveCfg = Release|Any CPU
		{498DCFF8-6FA5-47C0-B144-40F923A885A0}.Release|Any CPU.Build.0 = Release|Any CPU
		{5F111DE7-9C7B-4F00-AAC2-D293EFCBD55D}.Debug|Any CPU.ActiveCfg = Debug|Any CPU
		{5F111DE7-9C7B-4F00-AAC2-D293EFCBD55D}.Debug|Any CPU.Build.0 = Debug|Any CPU
		{5F111DE7-9C7B-4F00-AAC2-D293EFCBD55D}.Release|Any CPU.ActiveCfg = Release|Any CPU
		{5F111DE7-9C7B-4F00-AAC2-D293EFCBD55D}.Release|Any CPU.Build.0 = Release|Any CPU
	EndGlobalSection
	GlobalSection(SolutionProperties) = preSolution
		HideSolutionNode = FALSE
	EndGlobalSection
EndGlobal
